
Microsoft Visual Studio Solution File, Format Version 10.00
# Visual Basic Express 2008
Project("{F184B08F-C81C-45F6-A57F-5ABD9991F28F}") = "ExileBroStatusManagement", "..\..\..\..\Desktop\ExilePro\Projects\DEV\ExileBroStatusManagement\ExileBroStatusManagement\ExileBroStatusManagement.vbproj", "{1F88010D-5CE7-4197-9185-CBFE62823C5B}"
EndProject
Global
	GlobalSection(SolutionConfigurationPlatforms) = preSolution
		Debug|Any CPU = Debug|Any CPU
		Release|Any CPU = Release|Any CPU
	EndGlobalSection
	GlobalSection(ProjectConfigurationPlatforms) = postSolution
		{1F88010D-5CE7-4197-9185-CBFE62823C5B}.Debug|Any CPU.ActiveCfg = Debug|Any CPU
		{1F88010D-5CE7-4197-9185-CBFE62823C5B}.Debug|Any CPU.Build.0 = Debug|Any CPU
		{1F88010D-5CE7-4197-9185-CBFE62823C5B}.Release|Any CPU.ActiveCfg = Release|Any CPU
		{1F88010D-5CE7-4197-9185-CBFE62823C5B}.Release|Any CPU.Build.0 = Release|Any CPU
	EndGlobalSection
	GlobalSection(SolutionProperties) = preSolution
		HideSolutionNode = FALSE
	EndGlobalSection
EndGlobal
